<?xml version="1.0" encoding="utf-8"?>
<Project ToolsVersion="4.0" xmlns="http://schemas.microsoft.com/developer/msbuild/2003">
  <ItemGroup>
    <Filter Include="ImGui-Addons">
      <UniqueIdentifier>{4d9fd8f2-b7ba-428e-92fd-aa8b8c468f51}</UniqueIdentifier>
    </Filter>
    <Filter Include="ImGui-Addons\Implementation">
      <UniqueIdentifier>{00a964e5-5ccd-4fde-9712-aae6ab74b256}</UniqueIdentifier>
    </Filter>
    <Filter Include="ImGui %28in pack%29">
      <UniqueIdentifier>{a7f276cb-b77c-4e1e-a2cc-d2b6bbc4a7f6}</UniqueIdentifier>
    </Filter>
    <Filter Include="ImGui-Addons\Text Editor">
      <UniqueIdentifier>{157649db-d50a-4fb0-8c7f-e9ce63fc0219}</UniqueIdentifier>
    </Filter>
    <Filter Include="ImGui-Addons\Node Editor">
      <UniqueIdentifier>{d63e9a55-9225-4866-a7bb-a8c6f3de944f}</UniqueIdentifier>
    </Filter>
    <Filter Include="ImGui-Addons\Auto">
      <UniqueIdentifier>{b4fcf574-4f46-4da0-849a-4f4c942df54e}</UniqueIdentifier>
    </Filter>
    <Filter Include="ImGui-Addons\STD lib">
      <UniqueIdentifier>{02f67e13-3812-4fbb-8c8b-434e935da085}</UniqueIdentifier>
    </Filter>
    <Filter Include="Dragonfly">
      <UniqueIdentifier>{dc184624-8d34-42ef-a635-04eb808f070a}</UniqueIdentifier>
    </Filter>
    <Filter Include="Dragonfly\detail">
      <UniqueIdentifier>{9d3c18a5-3231-4b7e-820d-8f7dbe10c669}</UniqueIdentifier>
    </Filter>
  </ItemGroup>
  <ItemGroup>
    <ClCompile Include="..\include\ImGui-addons\impl\imgui_impl_opengl3.cpp">
      <Filter>ImGui-Addons\Implementation</Filter>
    </ClCompile>
    <ClCompile Include="..\include\ImGui-addons\impl\imgui_impl_sdl.cpp">
      <Filter>ImGui-Addons\Implementation</Filter>
    </ClCompile>
    <ClCompile Include="T:\GLFrameworkPack\includes\ImGui\imgui.cpp">
      <Filter>ImGui %28in pack%29</Filter>
    </ClCompile>
    <ClCompile Include="T:\GLFrameworkPack\includes\ImGui\imgui_demo.cpp">
      <Filter>ImGui %28in pack%29</Filter>
    </ClCompile>
    <ClCompile Include="T:\GLFrameworkPack\includes\ImGui\imgui_draw.cpp">
      <Filter>ImGui %28in pack%29</Filter>
    </ClCompile>
    <ClCompile Include="T:\GLFrameworkPack\includes\ImGui\imgui_widgets.cpp">
      <Filter>ImGui %28in pack%29</Filter>
    </ClCompile>
    <ClCompile Include="..\include\ImGui-addons\imgui_text_editor\TextEditor.cpp">
      <Filter>ImGui-Addons\Text Editor</Filter>
    </ClCompile>
    <ClCompile Include="..\include\ImGui-addons\imgui_node_editor\Source\crude_json.cpp">
      <Filter>ImGui-Addons\Node Editor</Filter>
    </ClCompile>
    <ClCompile Include="..\include\ImGui-addons\imgui_node_editor\Source\imgui_canvas.cpp">
      <Filter>ImGui-Addons\Node Editor</Filter>
    </ClCompile>
    <ClCompile Include="..\include\ImGui-addons\imgui_node_editor\Source\imgui_node_editor.cpp">
      <Filter>ImGui-Addons\Node Editor</Filter>
    </ClCompile>
    <ClCompile Include="..\include\ImGui-addons\imgui_node_editor\Source\imgui_node_editor_api.cpp">
      <Filter>ImGui-Addons\Node Editor</Filter>
    </ClCompile>
    <ClCompile Include="..\include\ImGui-addons\auto\auto.cpp">
      <Filter>ImGui-Addons\Auto</Filter>
    </ClCompile>
    <ClCompile Include="..\include\ImGui-addons\cpp\imgui_stdlib.cpp">
      <Filter>ImGui-Addons\STD lib</Filter>
    </ClCompile>
    <ClCompile Include="..\include\Dragonfly\detail\Camera.cpp">
      <Filter>Dragonfly\detail</Filter>
    </ClCompile>
    <ClCompile Include="..\include\Dragonfly\detail\config.cpp">
      <Filter>Dragonfly\detail</Filter>
    </ClCompile>
    <ClCompile Include="..\include\Dragonfly\detail\Program.cpp">
      <Filter>Dragonfly\detail</Filter>
    </ClCompile>
    <ClCompile Include="..\include\Dragonfly\detail\Shader.cpp">
      <Filter>Dragonfly\detail</Filter>
    </ClCompile>
    <ClCompile Include="..\include\Dragonfly\detail\ShaderEditor.cpp">
      <Filter>Dragonfly\detail</Filter>
    </ClCompile>
    <ClCompile Include="..\include\Dragonfly\detail\Texture.cpp">
      <Filter>Dragonfly\detail</Filter>
    </ClCompile>
    <ClCompile Include="..\include\Dragonfly\detail\texture_helper.cpp">
      <Filter>Dragonfly\detail</Filter>
    </ClCompile>
    <ClCompile Include="..\include\Dragonfly\detail\Uniform.cpp">
      <Filter>Dragonfly\detail</Filter>
    </ClCompile>
    <ClCompile Include="..\include\Dragonfly\detail\UniformEditor.cpp">
      <Filter>Dragonfly\detail</Filter>
    </ClCompile>
    <ClCompile Include="..\include\Dragonfly\detail\UniformTypes.cpp">
      <Filter>Dragonfly\detail</Filter>
    </ClCompile>
    <ClCompile Include="..\include\Dragonfly\detail\File.cpp">
      <Filter>Dragonfly\detail</Filter>
    </ClCompile>
    <ClCompile Include="..\include\Dragonfly\detail\FileEditor.cpp">
      <Filter>Dragonfly\detail</Filter>
    </ClCompile>
  </ItemGroup>
  <ItemGroup>
    <ClInclude Include="..\include\ImGui-addons\impl\imgui_impl_opengl3.h">
      <Filter>ImGui-Addons\Implementation</Filter>
    </ClInclude>
    <ClInclude Include="..\include\ImGui-addons\impl\imgui_impl_sdl.h">
      <Filter>ImGui-Addons\Implementation</Filter>
    </ClInclude>
    <ClInclude Include="T:\GLFrameworkPack\includes\ImGui\imconfig.h">
      <Filter>ImGui %28in pack%29</Filter>
    </ClInclude>
    <ClInclude Include="T:\GLFrameworkPack\includes\ImGui\imgui.h">
      <Filter>ImGui %28in pack%29</Filter>
    </ClInclude>
    <ClInclude Include="T:\GLFrameworkPack\includes\ImGui\imgui_internal.h">
      <Filter>ImGui %28in pack%29</Filter>
    </ClInclude>
    <ClInclude Include="T:\GLFrameworkPack\includes\ImGui\imstb_rectpack.h">
      <Filter>ImGui %28in pack%29</Filter>
    </ClInclude>
    <ClInclude Include="T:\GLFrameworkPack\includes\ImGui\imstb_textedit.h">
      <Filter>ImGui %28in pack%29</Filter>
    </ClInclude>
    <ClInclude Include="T:\GLFrameworkPack\includes\ImGui\imstb_truetype.h">
      <Filter>ImGui %28in pack%29</Filter>
    </ClInclude>
    <ClInclude Include="..\include\ImGui-addons\imgui_text_editor\TextEditor.h">
      <Filter>ImGui-Addons\Text Editor</Filter>
    </ClInclude>
    <ClInclude Include="..\include\ImGui-addons\imgui_node_editor\Source\crude_json.h">
      <Filter>ImGui-Addons\Node Editor</Filter>
    </ClInclude>
    <ClInclude Include="..\include\ImGui-addons\imgui_node_editor\Source\imgui_bezier_math.h">
      <Filter>ImGui-Addons\Node Editor</Filter>
    </ClInclude>
    <ClInclude Include="..\include\ImGui-addons\imgui_node_editor\Source\imgui_canvas.h">
      <Filter>ImGui-Addons\Node Editor</Filter>
    </ClInclude>
    <ClInclude Include="..\include\ImGui-addons\imgui_node_editor\Source\imgui_extra_math.h">
      <Filter>ImGui-Addons\Node Editor</Filter>
    </ClInclude>
    <ClInclude Include="..\include\ImGui-addons\imgui_node_editor\imgui_node_editor.h">
      <Filter>ImGui-Addons\Node Editor</Filter>
    </ClInclude>
    <ClInclude Include="..\include\ImGui-addons\imgui_node_editor\Source\imgui_node_editor_internal.h">
      <Filter>ImGui-Addons\Node Editor</Filter>
    </ClInclude>
    <ClInclude Include="..\include\ImGui-addons\auto\auto.h">
      <Filter>ImGui-Addons\Auto</Filter>
    </ClInclude>
    <ClInclude Include="..\include\ImGui-addons\auto\core.h">
      <Filter>ImGui-Addons\Auto</Filter>
    </ClInclude>
    <ClInclude Include="..\include\ImGui-addons\auto\impl_base.h">
      <Filter>ImGui-Addons\Auto</Filter>
    </ClInclude>
    <ClInclude Include="..\include\ImGui-addons\auto\impl_glm.h">
      <Filter>ImGui-Addons\Auto</Filter>
    </ClInclude>
    <ClInclude Include="..\include\ImGui-addons\cpp\imgui_stdlib.h">
      <Filter>ImGui-Addons\STD lib</Filter>
    </ClInclude>
    <ClInclude Include="..\include\Dragonfly\detail\buffer.h">
      <Filter>Dragonfly\detail</Filter>
    </ClInclude>
    <ClInclude Include="..\include\Dragonfly\detail\object.h">
      <Filter>Dragonfly\detail</Filter>
    </ClInclude>
    <ClInclude Include="..\include\Dragonfly\detail\Shader.h">
      <Filter>Dragonfly\detail</Filter>
    </ClInclude>
    <ClInclude Include="..\include\Dragonfly\detail\ShaderEditor.h">
      <Filter>Dragonfly\detail</Filter>
    </ClInclude>
    <ClInclude Include="..\include\Dragonfly\detail\texture_helper.h">
      <Filter>Dragonfly\detail</Filter>
    </ClInclude>
    <ClInclude Include="..\include\Dragonfly\detail\Uniform.h">
      <Filter>Dragonfly\detail</Filter>
    </ClInclude>
    <ClInclude Include="..\include\Dragonfly\detail\UniformEditor.h">
      <Filter>Dragonfly\detail</Filter>
    </ClInclude>
    <ClInclude Include="..\include\Dragonfly\detail\UniformTypes.hpp">
      <Filter>Dragonfly\detail</Filter>
    </ClInclude>
    <ClInclude Include="..\include\Dragonfly\detail\vao.h">
      <Filter>Dragonfly\detail</Filter>
    </ClInclude>
    <ClInclude Include="..\include\Dragonfly\Camera.h">
      <Filter>Dragonfly</Filter>
    </ClInclude>
    <ClInclude Include="..\include\Dragonfly\config.h">
      <Filter>Dragonfly</Filter>
    </ClInclude>
    <ClInclude Include="..\include\Dragonfly\core.h">
      <Filter>Dragonfly</Filter>
    </ClInclude>
    <ClInclude Include="..\include\Dragonfly\editor.h">
      <Filter>Dragonfly</Filter>
    </ClInclude>
    <ClInclude Include="..\include\Dragonfly\Program.h">
      <Filter>Dragonfly</Filter>
    </ClInclude>
    <ClInclude Include="..\include\Dragonfly\ProgramEditor.h">
      <Filter>Dragonfly</Filter>
    </ClInclude>
    <ClInclude Include="..\include\Dragonfly\Texture.h">
      <Filter>Dragonfly</Filter>
    </ClInclude>
    <ClInclude Include="..\include\Dragonfly\detail\File.h">
      <Filter>Dragonfly\detail</Filter>
    </ClInclude>
    <ClInclude Include="..\include\Dragonfly\detail\FileEditor.h">
      <Filter>Dragonfly\detail</Filter>
    </ClInclude>
    <ClInclude Include="..\include\Dragonfly\Vao.h">
      <Filter>Dragonfly</Filter>
    </ClInclude>
  </ItemGroup>
  <ItemGroup>
    <None Include="..\include\ImGui-addons\imgui_node_editor\Source\imgui_bezier_math.inl">
      <Filter>ImGui-Addons\Node Editor</Filter>
    </None>
    <None Include="..\include\ImGui-addons\imgui_node_editor\Source\imgui_extra_math.inl">
      <Filter>ImGui-Addons\Node Editor</Filter>
    </None>
    <None Include="..\include\ImGui-addons\imgui_node_editor\Source\imgui_node_editor_internal.inl">
      <Filter>ImGui-Addons\Node Editor</Filter>
    </None>
    <None Include="..\include\Dragonfly\detail\Program.inl">
      <Filter>Dragonfly\detail</Filter>
    </None>
    <None Include="..\include\Dragonfly\detail\Shader.inl">
      <Filter>Dragonfly\detail</Filter>
    </None>
    <None Include="..\include\Dragonfly\detail\Texture.inl">
      <Filter>Dragonfly\detail</Filter>
    </None>
    <None Include="..\include\Dragonfly\detail\Uniform.inl">
      <Filter>Dragonfly\detail</Filter>
    </None>
  </ItemGroup>
</Project>